
Microsoft Visual Studio Solution File, Format Version 12.00
# Visual Studio Version 17
VisualStudioVersion = 17.14.36705.20
MinimumVisualStudioVersion = 10.0.40219.1
Project("{FAE04EC0-301F-11D3-BF4B-00C04F79EFBC}") = "web.api.books", "web.api.books.csproj", "{BEF7BEDD-6DF4-4703-84AC-A31409550A76}"
EndProject
Project("{FAE04EC0-301F-11D3-BF4B-00C04F79EFBC}") = "web.api.orders", "..\..\Orders\web.api.orders\web.api.orders.csproj", "{BA661249-A107-4797-8BB9-368B23F8030F}"
EndProject
Project("{FAE04EC0-301F-11D3-BF4B-00C04F79EFBC}") = "ef.core.demo", "..\..\Demos\ef.core.demo\ef.core.demo.csproj", "{9D4CA114-4692-49FF-A152-2D625B1BCCF4}"
EndProject
Project("{FAE04EC0-301F-11D3-BF4B-00C04F79EFBC}") = "category.web.api", "..\..\Category\category.web.api\category.web.api.csproj", "{3BEE5E07-6A97-4F78-AD27-41636808F6A7}"
EndProject
Project("{FAE04EC0-301F-11D3-BF4B-00C04F79EFBC}") = "category.core", "..\..\Category\category.core\category.core.csproj", "{F03B80FD-0AC2-4CEF-8AA8-F9BA88E455B7}"
EndProject
Project("{FAE04EC0-301F-11D3-BF4B-00C04F79EFBC}") = "category.persistance", "..\..\Category\category.persistance\category.persistance.csproj", "{554B418A-19A8-407C-8601-3B4219A4A1E3}"
EndProject
Project("{FAE04EC0-301F-11D3-BF4B-00C04F79EFBC}") = "category.application", "..\..\Category\category.application\category.application.csproj", "{A135CC53-0001-4384-8838-0C4ED01A61E9}"
EndProject
Project("{FAE04EC0-301F-11D3-BF4B-00C04F79EFBC}") = "category.infrastructure", "..\..\Category\category.infrastructure\category.infrastructure.csproj", "{3617B8F9-7E65-4880-BB80-42326F0CED0B}"
EndProject
Global
	GlobalSection(SolutionConfigurationPlatforms) = preSolution
		Debug|Any CPU = Debug|Any CPU
		Release|Any CPU = Release|Any CPU
	EndGlobalSection
	GlobalSection(ProjectConfigurationPlatforms) = postSolution
		{BEF7BEDD-6DF4-4703-84AC-A31409550A76}.Debug|Any CPU.ActiveCfg = Debug|Any CPU
		{BEF7BEDD-6DF4-4703-84AC-A31409550A76}.Debug|Any CPU.Build.0 = Debug|Any CPU
		{BEF7BEDD-6DF4-4703-84AC-A31409550A76}.Release|Any CPU.ActiveCfg = Release|Any CPU
		{BEF7BEDD-6DF4-4703-84AC-A31409550A76}.Release|Any CPU.Build.0 = Release|Any CPU
		{BA661249-A107-4797-8BB9-368B23F8030F}.Debug|Any CPU.ActiveCfg = Debug|Any CPU
		{BA661249-A107-4797-8BB9-368B23F8030F}.Debug|Any CPU.Build.0 = Debug|Any CPU
		{BA661249-A107-4797-8BB9-368B23F8030F}.Release|Any CPU.ActiveCfg = Release|Any CPU
		{BA661249-A107-4797-8BB9-368B23F8030F}.Release|Any CPU.Build.0 = Release|Any CPU
		{9D4CA114-4692-49FF-A152-2D625B1BCCF4}.Debug|Any CPU.ActiveCfg = Debug|Any CPU
		{9D4CA114-4692-49FF-A152-2D625B1BCCF4}.Debug|Any CPU.Build.0 = Debug|Any CPU
		{9D4CA114-4692-49FF-A152-2D625B1BCCF4}.Release|Any CPU.ActiveCfg = Release|Any CPU
		{9D4CA114-4692-49FF-A152-2D625B1BCCF4}.Release|Any CPU.Build.0 = Release|Any CPU
		{3BEE5E07-6A97-4F78-AD27-41636808F6A7}.Debug|Any CPU.ActiveCfg = Debug|Any CPU
		{3BEE5E07-6A97-4F78-AD27-41636808F6A7}.Debug|Any CPU.Build.0 = Debug|Any CPU
		{3BEE5E07-6A97-4F78-AD27-41636808F6A7}.Release|Any CPU.ActiveCfg = Release|Any CPU
		{3BEE5E07-6A97-4F78-AD27-41636808F6A7}.Release|Any CPU.Build.0 = Release|Any CPU
		{F03B80FD-0AC2-4CEF-8AA8-F9BA88E455B7}.Debug|Any CPU.ActiveCfg = Debug|Any CPU
		{F03B80FD-0AC2-4CEF-8AA8-F9BA88E455B7}.Debug|Any CPU.Build.0 = Debug|Any CPU
		{F03B80FD-0AC2-4CEF-8AA8-F9BA88E455B7}.Release|Any CPU.ActiveCfg = Release|Any CPU
		{F03B80FD-0AC2-4CEF-8AA8-F9BA88E455B7}.Release|Any CPU.Build.0 = Release|Any CPU
		{554B418A-19A8-407C-8601-3B4219A4A1E3}.Debug|Any CPU.ActiveCfg = Debug|Any CPU
		{554B418A-19A8-407C-8601-3B4219A4A1E3}.Debug|Any CPU.Build.0 = Debug|Any CPU
		{554B418A-19A8-407C-8601-3B4219A4A1E3}.Release|Any CPU.ActiveCfg = Release|Any CPU
		{554B418A-19A8-407C-8601-3B4219A4A1E3}.Release|Any CPU.Build.0 = Release|Any CPU
		{A135CC53-0001-4384-8838-0C4ED01A61E9}.Debug|Any CPU.ActiveCfg = Debug|Any CPU
		{A135CC53-0001-4384-8838-0C4ED01A61E9}.Debug|Any CPU.Build.0 = Debug|Any CPU
		{A135CC53-0001-4384-8838-0C4ED01A61E9}.Release|Any CPU.ActiveCfg = Release|Any CPU
		{A135CC53-0001-4384-8838-0C4ED01A61E9}.Release|Any CPU.Build.0 = Release|Any CPU
		{3617B8F9-7E65-4880-BB80-42326F0CED0B}.Debug|Any CPU.ActiveCfg = Debug|Any CPU
		{3617B8F9-7E65-4880-BB80-42326F0CED0B}.Debug|Any CPU.Build.0 = Debug|Any CPU
		{3617B8F9-7E65-4880-BB80-42326F0CED0B}.Release|Any CPU.ActiveCfg = Release|Any CPU
		{3617B8F9-7E65-4880-BB80-42326F0CED0B}.Release|Any CPU.Build.0 = Release|Any CPU
	EndGlobalSection
	GlobalSection(SolutionProperties) = preSolution
		HideSolutionNode = FALSE
	EndGlobalSection
	GlobalSection(ExtensibilityGlobals) = postSolution
		SolutionGuid = {C2BC9915-B6DB-46F3-9453-9945631CBB4C}
	EndGlobalSection
EndGlobal
