
Microsoft Visual Studio Solution File, Format Version 12.00
# Visual Studio Version 17
VisualStudioVersion = 17.14.36705.20
MinimumVisualStudioVersion = 10.0.40219.1
Project("{FAE04EC0-301F-11D3-BF4B-00C04F79EFBC}") = "web.api.books", "web.api.books.csproj", "{BEF7BEDD-6DF4-4703-84AC-A31409550A76}"
EndProject
Project("{FAE04EC0-301F-11D3-BF4B-00C04F79EFBC}") = "web.api.orders", "..\..\Orders\web.api.orders\web.api.orders.csproj", "{BA661249-A107-4797-8BB9-368B23F8030F}"
EndProject
Global
	GlobalSection(SolutionConfigurationPlatforms) = preSolution
		Debug|Any CPU = Debug|Any CPU
		Release|Any CPU = Release|Any CPU
	EndGlobalSection
	GlobalSection(ProjectConfigurationPlatforms) = postSolution
		{BEF7BEDD-6DF4-4703-84AC-A31409550A76}.Debug|Any CPU.ActiveCfg = Debug|Any CPU
		{BEF7BEDD-6DF4-4703-84AC-A31409550A76}.Debug|Any CPU.Build.0 = Debug|Any CPU
		{BEF7BEDD-6DF4-4703-84AC-A31409550A76}.Release|Any CPU.ActiveCfg = Release|Any CPU
		{BEF7BEDD-6DF4-4703-84AC-A31409550A76}.Release|Any CPU.Build.0 = Release|Any CPU
		{BA661249-A107-4797-8BB9-368B23F8030F}.Debug|Any CPU.ActiveCfg = Debug|Any CPU
		{BA661249-A107-4797-8BB9-368B23F8030F}.Debug|Any CPU.Build.0 = Debug|Any CPU
		{BA661249-A107-4797-8BB9-368B23F8030F}.Release|Any CPU.ActiveCfg = Release|Any CPU
		{BA661249-A107-4797-8BB9-368B23F8030F}.Release|Any CPU.Build.0 = Release|Any CPU
	EndGlobalSection
	GlobalSection(SolutionProperties) = preSolution
		HideSolutionNode = FALSE
	EndGlobalSection
	GlobalSection(ExtensibilityGlobals) = postSolution
		SolutionGuid = {C2BC9915-B6DB-46F3-9453-9945631CBB4C}
	EndGlobalSection
EndGlobal
